// !$*UTF8*$!
{
	archiveVersion = 1;
	classes = {
	};
	objectVersion = 56;
	objects = {

/* Begin PBXBuildFile section */
		1A000001295F4A7B00000001 /* PointAndShootApp.swift in Sources */ = {isa = PBXBuildFile; fileRef = 1A000000295F4A7B00000001 /* PointAndShootApp.swift */; };
		1A000003295F4A7B00000002 /* ContentView.swift in Sources */ = {isa = PBXBuildFile; fileRef = 1A000002295F4A7B00000002 /* ContentView.swift */; };
		1A000005295F4A7B00000003 /* DataModels.swift in Sources */ = {isa = PBXBuildFile; fileRef = 1A000004295F4A7B00000003 /* DataModels.swift */; };
		1A000007295F4A7B00000004 /* MultipeerManager.swift in Sources */ = {isa = PBXBuildFile; fileRef = 1A000006295F4A7B00000004 /* MultipeerManager.swift */; };
		1A000009295F4A7B00000005 /* GameState.swift in Sources */ = {isa = PBXBuildFile; fileRef = 1A000008295F4A7B00000005 /* GameState.swift */; };
		1A00000B295F4A7B00000006 /* FaceScanView.swift in Sources */ = {isa = PBXBuildFile; fileRef = 1A00000A295F4A7B00000006 /* FaceScanView.swift */; };
		1A00000D295F4A7B00000007 /* ARGameView.swift in Sources */ = {isa = PBXBuildFile; fileRef = 1A00000C295F4A7B00000007 /* ARGameView.swift */; };
		1A00000F295F4A7B00000008 /* VisionDetector.swift in Sources */ = {isa = PBXBuildFile; fileRef = 1A00000E295F4A7B00000008 /* VisionDetector.swift */; };
		1A000011295F4A7B00000009 /* Assets.xcassets in Resources */ = {isa = PBXBuildFile; fileRef = 1A000010295F4A7B00000009 /* Assets.xcassets */; };
		1A000013295F4A7B00000011 /* ARDemoView.swift in Sources */ = {isa = PBXBuildFile; fileRef = 1A000012295F4A7B00000011 /* ARDemoView.swift */; };
		1A000015295F4A7B00000012 /* PersonSegmentation.swift in Sources */ = {isa = PBXBuildFile; fileRef = 1A000014295F4A7B00000012 /* PersonSegmentation.swift */; };
/* End PBXBuildFile section */

/* Begin PBXFileReference section */
		1A000000295F4A7B00000001 /* PointAndShootApp.swift */ = {isa = PBXFileReference; lastKnownFileType = sourcecode.swift; path = PointAndShootApp.swift; sourceTree = "<group>"; };
		1A000002295F4A7B00000002 /* ContentView.swift */ = {isa = PBXFileReference; lastKnownFileType = sourcecode.swift; path = ContentView.swift; sourceTree = "<group>"; };
		1A000004295F4A7B00000003 /* DataModels.swift */ = {isa = PBXFileReference; lastKnownFileType = sourcecode.swift; path = DataModels.swift; sourceTree = "<group>"; };
		1A000006295F4A7B00000004 /* MultipeerManager.swift */ = {isa = PBXFileReference; lastKnownFileType = sourcecode.swift; path = MultipeerManager.swift; sourceTree = "<group>"; };
		1A000008295F4A7B00000005 /* GameState.swift */ = {isa = PBXFileReference; lastKnownFileType = sourcecode.swift; path = GameState.swift; sourceTree = "<group>"; };
		1A00000A295F4A7B00000006 /* FaceScanView.swift */ = {isa = PBXFileReference; lastKnownFileType = sourcecode.swift; path = FaceScanView.swift; sourceTree = "<group>"; };
		1A00000C295F4A7B00000007 /* ARGameView.swift */ = {isa = PBXFileReference; lastKnownFileType = sourcecode.swift; path = ARGameView.swift; sourceTree = "<group>"; };
		1A00000E295F4A7B00000008 /* VisionDetector.swift */ = {isa = PBXFileReference; lastKnownFileType = sourcecode.swift; path = VisionDetector.swift; sourceTree = "<group>"; };
		1A000010295F4A7B00000009 /* Assets.xcassets */ = {isa = PBXFileReference; lastKnownFileType = folder.assetcatalog; path = Assets.xcassets; sourceTree = "<group>"; };
		1A000012295F4A7B00000010 /* Info.plist */ = {isa = PBXFileReference; lastKnownFileType = text.plist.xml; path = Info.plist; sourceTree = "<group>"; };
		1A000012295F4A7B00000011 /* ARDemoView.swift */ = {isa = PBXFileReference; lastKnownFileType = sourcecode.swift; path = ARDemoView.swift; sourceTree = "<group>"; };
		1A000014295F4A7B00000012 /* PersonSegmentation.swift */ = {isa = PBXFileReference; lastKnownFileType = sourcecode.swift; path = PersonSegmentation.swift; sourceTree = "<group>"; };
		1AFFFFFF295F4A7B00000000 /* PointAndShoot.app */ = {isa = PBXFileReference; explicitFileType = wrapper.application; includeInIndex = 0; path = PointAndShoot.app; sourceTree = BUILT_PRODUCTS_DIR; };
/* End PBXFileReference section */

/* Begin PBXFrameworksBuildPhase section */
		1AFFFFFE295F4A7B00000000 /* Frameworks */ = {
			isa = PBXFrameworksBuildPhase;
			buildActionMask = 2147483647;
			files = (
			);
			runOnlyForDeploymentPostprocessing = 0;
		};
/* End PBXFrameworksBuildPhase section */

/* Begin PBXGroup section */
		1AFFFFFB295F4A7B00000000 = {
			isa = PBXGroup;
			children = (
				1AFFFFFD295F4A7B00000000 /* PointAndShoot */,
				1AFFFFFC295F4A7B00000000 /* Products */,
			);
			sourceTree = "<group>";
		};
		1AFFFFFC295F4A7B00000000 /* Products */ = {
			isa = PBXGroup;
			children = (
				1AFFFFFF295F4A7B00000000 /* PointAndShoot.app */,
			);
			name = Products;
			sourceTree = "<group>";
		};
		1AFFFFFD295F4A7B00000000 /* PointAndShoot */ = {
			isa = PBXGroup;
			children = (
				1A000012295F4A7B00000010 /* Info.plist */,
				1A000000295F4A7B00000001 /* PointAndShootApp.swift */,
				1A000002295F4A7B00000002 /* ContentView.swift */,
				1A000004295F4A7B00000003 /* DataModels.swift */,
				1A000006295F4A7B00000004 /* MultipeerManager.swift */,
				1A000008295F4A7B00000005 /* GameState.swift */,
				1A00000A295F4A7B00000006 /* FaceScanView.swift */,
				1A00000C295F4A7B00000007 /* ARGameView.swift */,
				1A00000E295F4A7B00000008 /* VisionDetector.swift */,
				1A000012295F4A7B00000011 /* ARDemoView.swift */,
				1A000014295F4A7B00000012 /* PersonSegmentation.swift */,
				1A000010295F4A7B00000009 /* Assets.xcassets */,
			);
			path = PointAndShoot;
			sourceTree = "<group>";
		};
/* End PBXGroup section */

/* Begin PBXNativeTarget section */
		1AFFFFFA295F4A7B00000000 /* PointAndShoot */ = {
			isa = PBXNativeTarget;
			buildConfigurationList = 1AFFFFF8295F4A7B00000000 /* Build configuration list for PBXNativeTarget "PointAndShoot" */;
			buildPhases = (
				1AFFFFFC295F4A7B00000001 /* Sources */,
				1AFFFFFE295F4A7B00000000 /* Frameworks */,
				1AFFFFFF295F4A7B00000001 /* Resources */,
			);
			buildRules = (
			);
			dependencies = (
			);
			name = PointAndShoot;
			productName = PointAndShoot;
			productReference = 1AFFFFFF295F4A7B00000000 /* PointAndShoot.app */;
			productType = "com.apple.product-type.application";
		};
/* End PBXNativeTarget section */

/* Begin PBXProject section */
		1AFFFFF9295F4A7B00000000 /* Project object */ = {
			isa = PBXProject;
			attributes = {
				BuildIndependentTargetsInParallel = 1;
				LastSwiftUpdateCheck = 1500;
				LastUpgradeCheck = 2600;
				TargetAttributes = {
					1AFFFFFA295F4A7B00000000 = {
						CreatedOnToolsVersion = 15.0;
					};
				};
			};
			buildConfigurationList = 1AFFFFF7295F4A7B00000000 /* Build configuration list for PBXProject "PointAndShoot" */;
			compatibilityVersion = "Xcode 14.0";
			developmentRegion = en;
			hasScannedForEncodings = 0;
			knownRegions = (
				en,
				Base,
			);
			mainGroup = 1AFFFFFB295F4A7B00000000;
			productRefGroup = 1AFFFFFC295F4A7B00000000 /* Products */;
			projectDirPath = "";
			projectRoot = "";
			targets = (
				1AFFFFFA295F4A7B00000000 /* PointAndShoot */,
			);
		};
/* End PBXProject section */

/* Begin PBXResourcesBuildPhase section */
		1AFFFFFF295F4A7B00000001 /* Resources */ = {
			isa = PBXResourcesBuildPhase;
			buildActionMask = 2147483647;
			files = (
				1A000011295F4A7B00000009 /* Assets.xcassets in Resources */,
			);
			runOnlyForDeploymentPostprocessing = 0;
		};
/* End PBXResourcesBuildPhase section */

/* Begin PBXSourcesBuildPhase section */
		1AFFFFFC295F4A7B00000001 /* Sources */ = {
			isa = PBXSourcesBuildPhase;
			buildActionMask = 2147483647;
			files = (
				1A000001295F4A7B00000001 /* PointAndShootApp.swift in Sources */,
				1A000003295F4A7B00000002 /* ContentView.swift in Sources */,
				1A000005295F4A7B00000003 /* DataModels.swift in Sources */,
				1A000007295F4A7B00000004 /* MultipeerManager.swift in Sources */,
				1A000009295F4A7B00000005 /* GameState.swift in Sources */,
				1A00000B295F4A7B00000006 /* FaceScanView.swift in Sources */,
				1A00000D295F4A7B00000007 /* ARGameView.swift in Sources */,
				1A00000F295F4A7B00000008 /* VisionDetector.swift in Sources */,
				1A000013295F4A7B00000011 /* ARDemoView.swift in Sources */,
				1A000015295F4A7B00000012 /* PersonSegmentation.swift in Sources */,
			);
			runOnlyForDeploymentPostprocessing = 0;
		};
/* End PBXSourcesBuildPhase section */

/* Begin XCBuildConfiguration section */
		1AFFFFF4295F4A7B00000000 /* Release */ = {
			isa = XCBuildConfiguration;
			buildSettings = {
				ASSETCATALOG_COMPILER_APPICON_NAME = AppIcon;
				ASSETCATALOG_COMPILER_GLOBAL_ACCENT_COLOR_NAME = AccentColor;
				CODE_SIGN_STYLE = Automatic;
				CURRENT_PROJECT_VERSION = 1;
				DEVELOPMENT_ASSET_PATHS = "";
				ENABLE_PREVIEWS = YES;
				GENERATE_INFOPLIST_FILE = NO;
				INFOPLIST_FILE = PointAndShoot/Info.plist;
				INFOPLIST_KEY_UIApplicationSceneManifest_Generation = YES;
				INFOPLIST_KEY_UIApplicationSupportsIndirectInputEvents = YES;
				INFOPLIST_KEY_UILaunchScreen_Generation = YES;
				INFOPLIST_KEY_UIStatusBarHidden = YES;
				INFOPLIST_KEY_UISupportedInterfaceOrientations = UIInterfaceOrientationPortrait;
				IPHONEOS_DEPLOYMENT_TARGET = 18.6;
				LD_RUNPATH_SEARCH_PATHS = (
					"$(inherited)",
					"@executable_path/Frameworks",
				);
				MARKETING_VERSION = 1.0;
				PRODUCT_BUNDLE_IDENTIFIER = com.yourcompany.PointAndShoot;
				PRODUCT_NAME = "$(TARGET_NAME)";
				SUPPORTED_PLATFORMS = "iphoneos iphonesimulator";
				SUPPORTS_MACCATALYST = NO;
				SUPPORTS_MAC_DESIGNED_FOR_IPHONE_IPAD = NO;
				SWIFT_EMIT_LOC_STRINGS = YES;
				SWIFT_VERSION = 5.0;
				TARGETED_DEVICE_FAMILY = "1,2";
			};
			name = Release;
		};
		1AFFFFF5295F4A7B00000000 /* Debug */ = {
			isa = XCBuildConfiguration;
			buildSettings = {
				ASSETCATALOG_COMPILER_APPICON_NAME = AppIcon;
				ASSETCATALOG_COMPILER_GLOBAL_ACCENT_COLOR_NAME = AccentColor;
				CODE_SIGN_STYLE = Automatic;
				CURRENT_PROJECT_VERSION = 1;
				DEVELOPMENT_ASSET_PATHS = "";
				ENABLE_PREVIEWS = YES;
				GENERATE_INFOPLIST_FILE = NO;
				INFOPLIST_FILE = PointAndShoot/Info.plist;
				INFOPLIST_KEY_UIApplicationSceneManifest_Generation = YES;
				INFOPLIST_KEY_UIApplicationSupportsIndirectInputEvents = YES;
				INFOPLIST_KEY_UILaunchScreen_Generation = YES;
				INFOPLIST_KEY_UIStatusBarHidden = YES;
				INFOPLIST_KEY_UISupportedInterfaceOrientations = UIInterfaceOrientationPortrait;
				IPHONEOS_DEPLOYMENT_TARGET = 18.6;
				LD_RUNPATH_SEARCH_PATHS = (
					"$(inherited)",
					"@executable_path/Frameworks",
				);
				MARKETING_VERSION = 1.0;
				PRODUCT_BUNDLE_IDENTIFIER = com.yourcompany.PointAndShoot;
				PRODUCT_NAME = "$(TARGET_NAME)";
				SUPPORTED_PLATFORMS = "iphoneos iphonesimulator";
				SUPPORTS_MACCATALYST = NO;
				SUPPORTS_MAC_DESIGNED_FOR_IPHONE_IPAD = NO;
				SWIFT_EMIT_LOC_STRINGS = YES;
				SWIFT_VERSION = 5.0;
				TARGETED_DEVICE_FAMILY = "1,2";
			};
			name = Debug;
		};
		1AFFFFF6295F4A7B00000000 /* Release */ = {
			isa = XCBuildConfiguration;
			buildSettings = {
				ALWAYS_SEARCH_USER_PATHS = NO;
				ASSETCATALOG_COMPILER_GENERATE_SWIFT_ASSET_SYMBOL_EXTENSIONS = YES;
				CLANG_ANALYZER_NONNULL = YES;
				CLANG_ANALYZER_NUMBER_OBJECT_CONVERSION = YES_AGGRESSIVE;
				CLANG_CXX_LANGUAGE_STANDARD = "gnu++20";
				CLANG_ENABLE_MODULES = YES;
				CLANG_ENABLE_OBJC_ARC = YES;
				CLANG_ENABLE_OBJC_WEAK = YES;
				CLANG_WARN_BLOCK_CAPTURE_AUTORELEASING = YES;
				CLANG_WARN_BOOL_CONVERSION = YES;
				CLANG_WARN_COMMA = YES;
				CLANG_WARN_CONSTANT_CONVERSION = YES;
				CLANG_WARN_DEPRECATED_OBJC_IMPLEMENTATIONS = YES;
				CLANG_WARN_DIRECT_OBJC_ISA_USAGE = YES_ERROR;
				CLANG_WARN_DOCUMENTATION_COMMENTS = YES;
				CLANG_WARN_EMPTY_BODY = YES;
				CLANG_WARN_ENUM_CONVERSION = YES;
				CLANG_WARN_INFINITE_RECURSION = YES;
				CLANG_WARN_INT_CONVERSION = YES;
				CLANG_WARN_NON_LITERAL_NULL_CONVERSION = YES;
				CLANG_WARN_OBJC_IMPLICIT_RETAIN_SELF = YES;
				CLANG_WARN_OBJC_LITERAL_CONVERSION = YES;
				CLANG_WARN_OBJC_ROOT_CLASS = YES_ERROR;
				CLANG_WARN_QUOTED_INCLUDE_IN_FRAMEWORK_HEADER = YES;
				CLANG_WARN_RANGE_LOOP_ANALYSIS = YES;
				CLANG_WARN_STRICT_PROTOTYPES = YES;
				CLANG_WARN_SUSPICIOUS_MOVE = YES;
				CLANG_WARN_UNGUARDED_AVAILABILITY = YES_AGGRESSIVE;
				CLANG_WARN_UNREACHABLE_CODE = YES;
				CLANG_WARN__DUPLICATE_METHOD_MATCH = YES;
				COPY_PHASE_STRIP = NO;
				DEBUG_INFORMATION_FORMAT = "dwarf-with-dsym";
				DEVELOPMENT_TEAM = 3YPL755X3M;
				ENABLE_NS_ASSERTIONS = NO;
				ENABLE_STRICT_OBJC_MSGSEND = YES;
				ENABLE_USER_SCRIPT_SANDBOXING = YES;
				GCC_C_LANGUAGE_STANDARD = gnu17;
				GCC_NO_COMMON_BLOCKS = YES;
				GCC_WARN_64_TO_32_BIT_CONVERSION = YES;
				GCC_WARN_ABOUT_RETURN_TYPE = YES_ERROR;
				GCC_WARN_UNDECLARED_SELECTOR = YES;
				GCC_WARN_UNINITIALIZED_AUTOS = YES_AGGRESSIVE;
				GCC_WARN_UNUSED_FUNCTION = YES;
				GCC_WARN_UNUSED_VARIABLE = YES;
				IPHONEOS_DEPLOYMENT_TARGET = 14.0;
				LOCALIZATION_PREFERS_STRING_CATALOGS = YES;
				MTL_ENABLE_DEBUG_INFO = NO;
				MTL_FAST_MATH = YES;
				SDKROOT = iphoneos;
				STRING_CATALOG_GENERATE_SYMBOLS = YES;
				SWIFT_COMPILATION_MODE = wholemodule;
				VALIDATE_PRODUCT = YES;
			};
			name = Release;
		};
		1AFFFFF7295F4A7B00000001 /* Debug */ = {
			isa = XCBuildConfiguration;
			buildSettings = {
				ALWAYS_SEARCH_USER_PATHS = NO;
				ASSETCATALOG_COMPILER_GENERATE_SWIFT_ASSET_SYMBOL_EXTENSIONS = YES;
				CLANG_ANALYZER_NONNULL = YES;
				CLANG_ANALYZER_NUMBER_OBJECT_CONVERSION = YES_AGGRESSIVE;
				CLANG_CXX_LANGUAGE_STANDARD = "gnu++20";
				CLANG_ENABLE_MODULES = YES;
				CLANG_ENABLE_OBJC_ARC = YES;
				CLANG_ENABLE_OBJC_WEAK = YES;
				CLANG_WARN_BLOCK_CAPTURE_AUTORELEASING = YES;
				CLANG_WARN_BOOL_CONVERSION = YES;
				CLANG_WARN_COMMA = YES;
				CLANG_WARN_CONSTANT_CONVERSION = YES;
				CLANG_WARN_DEPRECATED_OBJC_IMPLEMENTATIONS = YES;
				CLANG_WARN_DIRECT_OBJC_ISA_USAGE = YES_ERROR;
				CLANG_WARN_DOCUMENTATION_COMMENTS = YES;
				CLANG_WARN_EMPTY_BODY = YES;
				CLANG_WARN_ENUM_CONVERSION = YES;
				CLANG_WARN_INFINITE_RECURSION = YES;
				CLANG_WARN_INT_CONVERSION = YES;
				CLANG_WARN_NON_LITERAL_NULL_CONVERSION = YES;
				CLANG_WARN_OBJC_IMPLICIT_RETAIN_SELF = YES;
				CLANG_WARN_OBJC_LITERAL_CONVERSION = YES;
				CLANG_WARN_OBJC_ROOT_CLASS = YES_ERROR;
				CLANG_WARN_QUOTED_INCLUDE_IN_FRAMEWORK_HEADER = YES;
				CLANG_WARN_RANGE_LOOP_ANALYSIS = YES;
				CLANG_WARN_STRICT_PROTOTYPES = YES;
				CLANG_WARN_SUSPICIOUS_MOVE = YES;
				CLANG_WARN_UNGUARDED_AVAILABILITY = YES_AGGRESSIVE;
				CLANG_WARN_UNREACHABLE_CODE = YES;
				CLANG_WARN__DUPLICATE_METHOD_MATCH = YES;
				COPY_PHASE_STRIP = NO;
				DEBUG_INFORMATION_FORMAT = dwarf;
				DEVELOPMENT_TEAM = 3YPL755X3M;
				ENABLE_STRICT_OBJC_MSGSEND = YES;
				ENABLE_TESTABILITY = YES;
				ENABLE_USER_SCRIPT_SANDBOXING = YES;
				GCC_C_LANGUAGE_STANDARD = gnu17;
				GCC_DYNAMIC_NO_PIC = NO;
				GCC_NO_COMMON_BLOCKS = YES;
				GCC_OPTIMIZATION_LEVEL = 0;
				GCC_PREPROCESSOR_DEFINITIONS = (
					"DEBUG=1",
					"$(inherited)",
				);
				GCC_WARN_64_TO_32_BIT_CONVERSION = YES;
				GCC_WARN_ABOUT_RETURN_TYPE = YES_ERROR;
				GCC_WARN_UNDECLARED_SELECTOR = YES;
				GCC_WARN_UNINITIALIZED_AUTOS = YES_AGGRESSIVE;
				GCC_WARN_UNUSED_FUNCTION = YES;
				GCC_WARN_UNUSED_VARIABLE = YES;
				IPHONEOS_DEPLOYMENT_TARGET = 14.0;
				LOCALIZATION_PREFERS_STRING_CATALOGS = YES;
				MTL_ENABLE_DEBUG_INFO = INCLUDE_SOURCE;
				MTL_FAST_MATH = YES;
				ONLY_ACTIVE_ARCH = YES;
				SDKROOT = iphoneos;
				STRING_CATALOG_GENERATE_SYMBOLS = YES;
				SWIFT_ACTIVE_COMPILATION_CONDITIONS = "DEBUG $(inherited)";
				SWIFT_OPTIMIZATION_LEVEL = "-Onone";
			};
			name = Debug;
		};
/* End XCBuildConfiguration section */

/* Begin XCConfigurationList section */
		1AFFFFF7295F4A7B00000000 /* Build configuration list for PBXProject "PointAndShoot" */ = {
			isa = XCConfigurationList;
			buildConfigurations = (
				1AFFFFF7295F4A7B00000001 /* Debug */,
				1AFFFFF6295F4A7B00000000 /* Release */,
			);
			defaultConfigurationIsVisible = 0;
			defaultConfigurationName = Release;
		};
		1AFFFFF8295F4A7B00000000 /* Build configuration list for PBXNativeTarget "PointAndShoot" */ = {
			isa = XCConfigurationList;
			buildConfigurations = (
				1AFFFFF5295F4A7B00000000 /* Debug */,
				1AFFFFF4295F4A7B00000000 /* Release */,
			);
			defaultConfigurationIsVisible = 0;
			defaultConfigurationName = Release;
		};
/* End XCConfigurationList section */
	};
	rootObject = 1AFFFFF9295F4A7B00000000 /* Project object */;
}
